
Microsoft Visual Studio Solution File, Format Version 12.00
# Visual Studio Version 16
VisualStudioVersion = 16.0.28729.10
MinimumVisualStudioVersion = 10.0.40219.1
Project("{FAE04EC0-301F-11D3-BF4B-00C04F79EFBC}") = "AuthService", "AuthService\AuthService.csproj", "{6C884FE9-1153-41B8-9385-58CEAB70D4EA}"
EndProject
Global
	GlobalSection(SolutionConfigurationPlatforms) = preSolution
		Debug|Any CPU = Debug|Any CPU
		Release|Any CPU = Release|Any CPU
	EndGlobalSection
	GlobalSection(ProjectConfigurationPlatforms) = postSolution
		{6C884FE9-1153-41B8-9385-58CEAB70D4EA}.Debug|Any CPU.ActiveCfg = Debug|Any CPU
		{6C884FE9-1153-41B8-9385-58CEAB70D4EA}.Debug|Any CPU.Build.0 = Debug|Any CPU
		{6C884FE9-1153-41B8-9385-58CEAB70D4EA}.Release|Any CPU.ActiveCfg = Release|Any CPU
		{6C884FE9-1153-41B8-9385-58CEAB70D4EA}.Release|Any CPU.Build.0 = Release|Any CPU
	EndGlobalSection
	GlobalSection(SolutionProperties) = preSolution
		HideSolutionNode = FALSE
	EndGlobalSection
	GlobalSection(ExtensibilityGlobals) = postSolution
		SolutionGuid = {01E53EE8-2498-4ED6-829D-1F665D974987}
	EndGlobalSection
EndGlobal
